
Microsoft Visual Studio Solution File, Format Version 12.00
# Visual Studio 15
VisualStudioVersion = 15.0.27703.2042
MinimumVisualStudioVersion = 10.0.40219.1
Project("{FAE04EC0-301F-11D3-BF4B-00C04F79EFBC}") = "ProgressbarDesignHw", "ProgressbarDesignHw\ProgressbarDesignHw.csproj", "{306EA78B-42C5-4E41-B60D-7576415FE07D}"
EndProject
Global
	GlobalSection(SolutionConfigurationPlatforms) = preSolution
		Debug|Any CPU = Debug|Any CPU
		Release|Any CPU = Release|Any CPU
	EndGlobalSection
	GlobalSection(ProjectConfigurationPlatforms) = postSolution
		{306EA78B-42C5-4E41-B60D-7576415FE07D}.Debug|Any CPU.ActiveCfg = Debug|Any CPU
		{306EA78B-42C5-4E41-B60D-7576415FE07D}.Debug|Any CPU.Build.0 = Debug|Any CPU
		{306EA78B-42C5-4E41-B60D-7576415FE07D}.Release|Any CPU.ActiveCfg = Release|Any CPU
		{306EA78B-42C5-4E41-B60D-7576415FE07D}.Release|Any CPU.Build.0 = Release|Any CPU
	EndGlobalSection
	GlobalSection(SolutionProperties) = preSolution
		HideSolutionNode = FALSE
	EndGlobalSection
	GlobalSection(ExtensibilityGlobals) = postSolution
		SolutionGuid = {4F249426-109F-4995-88B6-0A71BF43CD9A}
	EndGlobalSection
EndGlobal
